
Microsoft Visual Studio Solution File, Format Version 12.00
# Visual Studio 15
VisualStudioVersion = 15.0.27130.2036
MinimumVisualStudioVersion = 10.0.40219.1
Project("{FAE04EC0-301F-11D3-BF4B-00C04F79EFBC}") = "IntelligentKioskSample", "IntelligentKioskSample.csproj", "{B08D337A-AF9F-4705-B8C1-C7F07FACD8C5}"
	ProjectSection(ProjectDependencies) = postProject
		{E34B516D-C0D8-450F-9DB0-BB6A5B04AEF1} = {E34B516D-C0D8-450F-9DB0-BB6A5B04AEF1}
		{6EDB0588-FFC5-4EF5-8A99-9E241D0F878D} = {6EDB0588-FFC5-4EF5-8A99-9E241D0F878D}
	EndProjectSection
EndProject
Project("{FAE04EC0-301F-11D3-BF4B-00C04F79EFBC}") = "ServiceHelpers", "ServiceHelpers\ServiceHelpers.csproj", "{5D9320AF-A9E4-48E3-89BC-9F7F0954B298}"
EndProject
Project("{FAE04EC0-301F-11D3-BF4B-00C04F79EFBC}") = "KioskRuntimeComponent", "KioskRuntimeComponent\KioskRuntimeComponent.csproj", "{FC5A0250-B742-40A8-82CA-BEC2DF66982F}"
EndProject
Project("{FAE04EC0-301F-11D3-BF4B-00C04F79EFBC}") = "Plugin.MediaManager.Abstractions", "MediaManager.Abstractions\Plugin.MediaManager.Abstractions.csproj", "{6EDB0588-FFC5-4EF5-8A99-9E241D0F878D}"
EndProject
Project("{FAE04EC0-301F-11D3-BF4B-00C04F79EFBC}") = "Plugin.MediaManager.UWP", "MediaManager.UWP\Plugin.MediaManager.UWP.csproj", "{E34B516D-C0D8-450F-9DB0-BB6A5B04AEF1}"
EndProject
Project("{FAE04EC0-301F-11D3-BF4B-00C04F79EFBC}") = "Plugin.MediaManager", "MediaManager\Plugin.MediaManager.csproj", "{A6FCEF44-D2BA-42C7-B3CB-13667BCD7B54}"
EndProject
Project("{FAE04EC0-301F-11D3-BF4B-00C04F79EFBC}") = "Plugin.MediaManager.Reactive", "MediaManager.Reactive\Plugin.MediaManager.Reactive.csproj", "{DB2BAFBA-2A85-4E9B-8E9D-0A607A661E84}"
EndProject
Global
	GlobalSection(SolutionConfigurationPlatforms) = preSolution
		CNDebug|Any CPU = CNDebug|Any CPU
		CNDebug|ARM = CNDebug|ARM
		CNDebug|x64 = CNDebug|x64
		CNDebug|x86 = CNDebug|x86
		Debug|Any CPU = Debug|Any CPU
		Debug|ARM = Debug|ARM
		Debug|x64 = Debug|x64
		Debug|x86 = Debug|x86
		Release|Any CPU = Release|Any CPU
		Release|ARM = Release|ARM
		Release|x64 = Release|x64
		Release|x86 = Release|x86
	EndGlobalSection
	GlobalSection(ProjectConfigurationPlatforms) = postSolution
		{B08D337A-AF9F-4705-B8C1-C7F07FACD8C5}.CNDebug|Any CPU.ActiveCfg = Release|x64
		{B08D337A-AF9F-4705-B8C1-C7F07FACD8C5}.CNDebug|Any CPU.Build.0 = Release|x64
		{B08D337A-AF9F-4705-B8C1-C7F07FACD8C5}.CNDebug|Any CPU.Deploy.0 = Release|x64
		{B08D337A-AF9F-4705-B8C1-C7F07FACD8C5}.CNDebug|ARM.ActiveCfg = Debug|ARM
		{B08D337A-AF9F-4705-B8C1-C7F07FACD8C5}.CNDebug|ARM.Build.0 = Debug|ARM
		{B08D337A-AF9F-4705-B8C1-C7F07FACD8C5}.CNDebug|ARM.Deploy.0 = Debug|ARM
		{B08D337A-AF9F-4705-B8C1-C7F07FACD8C5}.CNDebug|x64.ActiveCfg = Debug|x64
		{B08D337A-AF9F-4705-B8C1-C7F07FACD8C5}.CNDebug|x64.Build.0 = Debug|x64
		{B08D337A-AF9F-4705-B8C1-C7F07FACD8C5}.CNDebug|x64.Deploy.0 = Debug|x64
		{B08D337A-AF9F-4705-B8C1-C7F07FACD8C5}.CNDebug|x86.ActiveCfg = Debug|x86
		{B08D337A-AF9F-4705-B8C1-C7F07FACD8C5}.CNDebug|x86.Build.0 = Debug|x86
		{B08D337A-AF9F-4705-B8C1-C7F07FACD8C5}.CNDebug|x86.Deploy.0 = Debug|x86
		{B08D337A-AF9F-4705-B8C1-C7F07FACD8C5}.Debug|Any CPU.ActiveCfg = Debug|x86
		{B08D337A-AF9F-4705-B8C1-C7F07FACD8C5}.Debug|Any CPU.Build.0 = Debug|x86
		{B08D337A-AF9F-4705-B8C1-C7F07FACD8C5}.Debug|Any CPU.Deploy.0 = Debug|x86
		{B08D337A-AF9F-4705-B8C1-C7F07FACD8C5}.Debug|ARM.ActiveCfg = Debug|ARM
		{B08D337A-AF9F-4705-B8C1-C7F07FACD8C5}.Debug|ARM.Build.0 = Debug|ARM
		{B08D337A-AF9F-4705-B8C1-C7F07FACD8C5}.Debug|ARM.Deploy.0 = Debug|ARM
		{B08D337A-AF9F-4705-B8C1-C7F07FACD8C5}.Debug|x64.ActiveCfg = Debug|x64
		{B08D337A-AF9F-4705-B8C1-C7F07FACD8C5}.Debug|x64.Build.0 = Debug|x64
		{B08D337A-AF9F-4705-B8C1-C7F07FACD8C5}.Debug|x64.Deploy.0 = Debug|x64
		{B08D337A-AF9F-4705-B8C1-C7F07FACD8C5}.Debug|x86.ActiveCfg = Debug|x86
		{B08D337A-AF9F-4705-B8C1-C7F07FACD8C5}.Debug|x86.Build.0 = Debug|x86
		{B08D337A-AF9F-4705-B8C1-C7F07FACD8C5}.Debug|x86.Deploy.0 = Debug|x86
		{B08D337A-AF9F-4705-B8C1-C7F07FACD8C5}.Release|Any CPU.ActiveCfg = Release|x86
		{B08D337A-AF9F-4705-B8C1-C7F07FACD8C5}.Release|ARM.ActiveCfg = Release|ARM
		{B08D337A-AF9F-4705-B8C1-C7F07FACD8C5}.Release|ARM.Build.0 = Release|ARM
		{B08D337A-AF9F-4705-B8C1-C7F07FACD8C5}.Release|ARM.Deploy.0 = Release|ARM
		{B08D337A-AF9F-4705-B8C1-C7F07FACD8C5}.Release|x64.ActiveCfg = Release|x64
		{B08D337A-AF9F-4705-B8C1-C7F07FACD8C5}.Release|x64.Build.0 = Release|x64
		{B08D337A-AF9F-4705-B8C1-C7F07FACD8C5}.Release|x64.Deploy.0 = Release|x64
		{B08D337A-AF9F-4705-B8C1-C7F07FACD8C5}.Release|x86.ActiveCfg = Release|x86
		{B08D337A-AF9F-4705-B8C1-C7F07FACD8C5}.Release|x86.Build.0 = Release|x86
		{B08D337A-AF9F-4705-B8C1-C7F07FACD8C5}.Release|x86.Deploy.0 = Release|x86
		{5D9320AF-A9E4-48E3-89BC-9F7F0954B298}.CNDebug|Any CPU.ActiveCfg = Debug|Any CPU
		{5D9320AF-A9E4-48E3-89BC-9F7F0954B298}.CNDebug|Any CPU.Build.0 = Debug|Any CPU
		{5D9320AF-A9E4-48E3-89BC-9F7F0954B298}.CNDebug|ARM.ActiveCfg = Debug|Any CPU
		{5D9320AF-A9E4-48E3-89BC-9F7F0954B298}.CNDebug|ARM.Build.0 = Debug|Any CPU
		{5D9320AF-A9E4-48E3-89BC-9F7F0954B298}.CNDebug|x64.ActiveCfg = Debug|Any CPU
		{5D9320AF-A9E4-48E3-89BC-9F7F0954B298}.CNDebug|x64.Build.0 = Debug|Any CPU
		{5D9320AF-A9E4-48E3-89BC-9F7F0954B298}.CNDebug|x86.ActiveCfg = Debug|Any CPU
		{5D9320AF-A9E4-48E3-89BC-9F7F0954B298}.CNDebug|x86.Build.0 = Debug|Any CPU
		{5D9320AF-A9E4-48E3-89BC-9F7F0954B298}.Debug|Any CPU.ActiveCfg = Debug|Any CPU
		{5D9320AF-A9E4-48E3-89BC-9F7F0954B298}.Debug|Any CPU.Build.0 = Debug|Any CPU
		{5D9320AF-A9E4-48E3-89BC-9F7F0954B298}.Debug|ARM.ActiveCfg = Debug|Any CPU
		{5D9320AF-A9E4-48E3-89BC-9F7F0954B298}.Debug|ARM.Build.0 = Debug|Any CPU
		{5D9320AF-A9E4-48E3-89BC-9F7F0954B298}.Debug|x64.ActiveCfg = Debug|Any CPU
		{5D9320AF-A9E4-48E3-89BC-9F7F0954B298}.Debug|x64.Build.0 = Debug|Any CPU
		{5D9320AF-A9E4-48E3-89BC-9F7F0954B298}.Debug|x86.ActiveCfg = Debug|Any CPU
		{5D9320AF-A9E4-48E3-89BC-9F7F0954B298}.Debug|x86.Build.0 = Debug|Any CPU
		{5D9320AF-A9E4-48E3-89BC-9F7F0954B298}.Release|Any CPU.ActiveCfg = Release|Any CPU
		{5D9320AF-A9E4-48E3-89BC-9F7F0954B298}.Release|Any CPU.Build.0 = Release|Any CPU
		{5D9320AF-A9E4-48E3-89BC-9F7F0954B298}.Release|ARM.ActiveCfg = Release|Any CPU
		{5D9320AF-A9E4-48E3-89BC-9F7F0954B298}.Release|ARM.Build.0 = Release|Any CPU
		{5D9320AF-A9E4-48E3-89BC-9F7F0954B298}.Release|x64.ActiveCfg = Release|Any CPU
		{5D9320AF-A9E4-48E3-89BC-9F7F0954B298}.Release|x64.Build.0 = Release|Any CPU
		{5D9320AF-A9E4-48E3-89BC-9F7F0954B298}.Release|x86.ActiveCfg = Release|Any CPU
		{5D9320AF-A9E4-48E3-89BC-9F7F0954B298}.Release|x86.Build.0 = Release|Any CPU
		{FC5A0250-B742-40A8-82CA-BEC2DF66982F}.CNDebug|Any CPU.ActiveCfg = Debug|Any CPU
		{FC5A0250-B742-40A8-82CA-BEC2DF66982F}.CNDebug|Any CPU.Build.0 = Debug|Any CPU
		{FC5A0250-B742-40A8-82CA-BEC2DF66982F}.CNDebug|ARM.ActiveCfg = Debug|ARM
		{FC5A0250-B742-40A8-82CA-BEC2DF66982F}.CNDebug|ARM.Build.0 = Debug|ARM
		{FC5A0250-B742-40A8-82CA-BEC2DF66982F}.CNDebug|x64.ActiveCfg = Debug|x64
		{FC5A0250-B742-40A8-82CA-BEC2DF66982F}.CNDebug|x64.Build.0 = Debug|x64
		{FC5A0250-B742-40A8-82CA-BEC2DF66982F}.CNDebug|x86.ActiveCfg = Debug|x86
		{FC5A0250-B742-40A8-82CA-BEC2DF66982F}.CNDebug|x86.Build.0 = Debug|x86
		{FC5A0250-B742-40A8-82CA-BEC2DF66982F}.Debug|Any CPU.ActiveCfg = Debug|Any CPU
		{FC5A0250-B742-40A8-82CA-BEC2DF66982F}.Debug|Any CPU.Build.0 = Debug|Any CPU
		{FC5A0250-B742-40A8-82CA-BEC2DF66982F}.Debug|ARM.ActiveCfg = Debug|ARM
		{FC5A0250-B742-40A8-82CA-BEC2DF66982F}.Debug|ARM.Build.0 = Debug|ARM
		{FC5A0250-B742-40A8-82CA-BEC2DF66982F}.Debug|x64.ActiveCfg = Debug|x64
		{FC5A0250-B742-40A8-82CA-BEC2DF66982F}.Debug|x64.Build.0 = Debug|x64
		{FC5A0250-B742-40A8-82CA-BEC2DF66982F}.Debug|x86.ActiveCfg = Debug|x86
		{FC5A0250-B742-40A8-82CA-BEC2DF66982F}.Debug|x86.Build.0 = Debug|x86
		{FC5A0250-B742-40A8-82CA-BEC2DF66982F}.Release|Any CPU.ActiveCfg = Release|Any CPU
		{FC5A0250-B742-40A8-82CA-BEC2DF66982F}.Release|Any CPU.Build.0 = Release|Any CPU
		{FC5A0250-B742-40A8-82CA-BEC2DF66982F}.Release|ARM.ActiveCfg = Release|ARM
		{FC5A0250-B742-40A8-82CA-BEC2DF66982F}.Release|ARM.Build.0 = Release|ARM
		{FC5A0250-B742-40A8-82CA-BEC2DF66982F}.Release|x64.ActiveCfg = Release|x64
		{FC5A0250-B742-40A8-82CA-BEC2DF66982F}.Release|x64.Build.0 = Release|x64
		{FC5A0250-B742-40A8-82CA-BEC2DF66982F}.Release|x86.ActiveCfg = Release|x86
		{FC5A0250-B742-40A8-82CA-BEC2DF66982F}.Release|x86.Build.0 = Release|x86
		{6EDB0588-FFC5-4EF5-8A99-9E241D0F878D}.CNDebug|Any CPU.ActiveCfg = Debug|Any CPU
		{6EDB0588-FFC5-4EF5-8A99-9E241D0F878D}.CNDebug|Any CPU.Build.0 = Debug|Any CPU
		{6EDB0588-FFC5-4EF5-8A99-9E241D0F878D}.CNDebug|ARM.ActiveCfg = Debug|Any CPU
		{6EDB0588-FFC5-4EF5-8A99-9E241D0F878D}.CNDebug|ARM.Build.0 = Debug|Any CPU
		{6EDB0588-FFC5-4EF5-8A99-9E241D0F878D}.CNDebug|x64.ActiveCfg = Debug|Any CPU
		{6EDB0588-FFC5-4EF5-8A99-9E241D0F878D}.CNDebug|x64.Build.0 = Debug|Any CPU
		{6EDB0588-FFC5-4EF5-8A99-9E241D0F878D}.CNDebug|x86.ActiveCfg = Debug|Any CPU
		{6EDB0588-FFC5-4EF5-8A99-9E241D0F878D}.CNDebug|x86.Build.0 = Debug|Any CPU
		{6EDB0588-FFC5-4EF5-8A99-9E241D0F878D}.Debug|Any CPU.ActiveCfg = Debug|Any CPU
		{6EDB0588-FFC5-4EF5-8A99-9E241D0F878D}.Debug|Any CPU.Build.0 = Debug|Any CPU
		{6EDB0588-FFC5-4EF5-8A99-9E241D0F878D}.Debug|ARM.ActiveCfg = Debug|Any CPU
		{6EDB0588-FFC5-4EF5-8A99-9E241D0F878D}.Debug|ARM.Build.0 = Debug|Any CPU
		{6EDB0588-FFC5-4EF5-8A99-9E241D0F878D}.Debug|x64.ActiveCfg = Debug|Any CPU
		{6EDB0588-FFC5-4EF5-8A99-9E241D0F878D}.Debug|x64.Build.0 = Debug|Any CPU
		{6EDB0588-FFC5-4EF5-8A99-9E241D0F878D}.Debug|x86.ActiveCfg = Debug|Any CPU
		{6EDB0588-FFC5-4EF5-8A99-9E241D0F878D}.Debug|x86.Build.0 = Debug|Any CPU
		{6EDB0588-FFC5-4EF5-8A99-9E241D0F878D}.Release|Any CPU.ActiveCfg = Release|Any CPU
		{6EDB0588-FFC5-4EF5-8A99-9E241D0F878D}.Release|Any CPU.Build.0 = Release|Any CPU
		{6EDB0588-FFC5-4EF5-8A99-9E241D0F878D}.Release|ARM.ActiveCfg = Release|Any CPU
		{6EDB0588-FFC5-4EF5-8A99-9E241D0F878D}.Release|ARM.Build.0 = Release|Any CPU
		{6EDB0588-FFC5-4EF5-8A99-9E241D0F878D}.Release|x64.ActiveCfg = Release|Any CPU
		{6EDB0588-FFC5-4EF5-8A99-9E241D0F878D}.Release|x64.Build.0 = Release|Any CPU
		{6EDB0588-FFC5-4EF5-8A99-9E241D0F878D}.Release|x86.ActiveCfg = Release|Any CPU
		{6EDB0588-FFC5-4EF5-8A99-9E241D0F878D}.Release|x86.Build.0 = Release|Any CPU
		{E34B516D-C0D8-450F-9DB0-BB6A5B04AEF1}.CNDebug|Any CPU.ActiveCfg = Debug|Any CPU
		{E34B516D-C0D8-450F-9DB0-BB6A5B04AEF1}.CNDebug|Any CPU.Build.0 = Debug|Any CPU
		{E34B516D-C0D8-450F-9DB0-BB6A5B04AEF1}.CNDebug|ARM.ActiveCfg = Debug|ARM
		{E34B516D-C0D8-450F-9DB0-BB6A5B04AEF1}.CNDebug|ARM.Build.0 = Debug|ARM
		{E34B516D-C0D8-450F-9DB0-BB6A5B04AEF1}.CNDebug|x64.ActiveCfg = Debug|x64
		{E34B516D-C0D8-450F-9DB0-BB6A5B04AEF1}.CNDebug|x64.Build.0 = Debug|x64
		{E34B516D-C0D8-450F-9DB0-BB6A5B04AEF1}.CNDebug|x86.ActiveCfg = Debug|x86
		{E34B516D-C0D8-450F-9DB0-BB6A5B04AEF1}.CNDebug|x86.Build.0 = Debug|x86
		{E34B516D-C0D8-450F-9DB0-BB6A5B04AEF1}.Debug|Any CPU.ActiveCfg = Debug|Any CPU
		{E34B516D-C0D8-450F-9DB0-BB6A5B04AEF1}.Debug|Any CPU.Build.0 = Debug|Any CPU
		{E34B516D-C0D8-450F-9DB0-BB6A5B04AEF1}.Debug|ARM.ActiveCfg = Debug|ARM
		{E34B516D-C0D8-450F-9DB0-BB6A5B04AEF1}.Debug|ARM.Build.0 = Debug|ARM
		{E34B516D-C0D8-450F-9DB0-BB6A5B04AEF1}.Debug|x64.ActiveCfg = Debug|x64
		{E34B516D-C0D8-450F-9DB0-BB6A5B04AEF1}.Debug|x64.Build.0 = Debug|x64
		{E34B516D-C0D8-450F-9DB0-BB6A5B04AEF1}.Debug|x86.ActiveCfg = Debug|x86
		{E34B516D-C0D8-450F-9DB0-BB6A5B04AEF1}.Debug|x86.Build.0 = Debug|x86
		{E34B516D-C0D8-450F-9DB0-BB6A5B04AEF1}.Release|Any CPU.ActiveCfg = Release|Any CPU
		{E34B516D-C0D8-450F-9DB0-BB6A5B04AEF1}.Release|Any CPU.Build.0 = Release|Any CPU
		{E34B516D-C0D8-450F-9DB0-BB6A5B04AEF1}.Release|ARM.ActiveCfg = Release|ARM
		{E34B516D-C0D8-450F-9DB0-BB6A5B04AEF1}.Release|ARM.Build.0 = Release|ARM
		{E34B516D-C0D8-450F-9DB0-BB6A5B04AEF1}.Release|x64.ActiveCfg = Release|x64
		{E34B516D-C0D8-450F-9DB0-BB6A5B04AEF1}.Release|x64.Build.0 = Release|x64
		{E34B516D-C0D8-450F-9DB0-BB6A5B04AEF1}.Release|x86.ActiveCfg = Release|x86
		{E34B516D-C0D8-450F-9DB0-BB6A5B04AEF1}.Release|x86.Build.0 = Release|x86
		{A6FCEF44-D2BA-42C7-B3CB-13667BCD7B54}.CNDebug|Any CPU.ActiveCfg = Debug|Any CPU
		{A6FCEF44-D2BA-42C7-B3CB-13667BCD7B54}.CNDebug|Any CPU.Build.0 = Debug|Any CPU
		{A6FCEF44-D2BA-42C7-B3CB-13667BCD7B54}.CNDebug|ARM.ActiveCfg = Debug|Any CPU
		{A6FCEF44-D2BA-42C7-B3CB-13667BCD7B54}.CNDebug|ARM.Build.0 = Debug|Any CPU
		{A6FCEF44-D2BA-42C7-B3CB-13667BCD7B54}.CNDebug|x64.ActiveCfg = Debug|Any CPU
		{A6FCEF44-D2BA-42C7-B3CB-13667BCD7B54}.CNDebug|x64.Build.0 = Debug|Any CPU
		{A6FCEF44-D2BA-42C7-B3CB-13667BCD7B54}.CNDebug|x86.ActiveCfg = Debug|Any CPU
		{A6FCEF44-D2BA-42C7-B3CB-13667BCD7B54}.CNDebug|x86.Build.0 = Debug|Any CPU
		{A6FCEF44-D2BA-42C7-B3CB-13667BCD7B54}.Debug|Any CPU.ActiveCfg = Debug|Any CPU
		{A6FCEF44-D2BA-42C7-B3CB-13667BCD7B54}.Debug|Any CPU.Build.0 = Debug|Any CPU
		{A6FCEF44-D2BA-42C7-B3CB-13667BCD7B54}.Debug|ARM.ActiveCfg = Debug|Any CPU
		{A6FCEF44-D2BA-42C7-B3CB-13667BCD7B54}.Debug|ARM.Build.0 = Debug|Any CPU
		{A6FCEF44-D2BA-42C7-B3CB-13667BCD7B54}.Debug|x64.ActiveCfg = Debug|Any CPU
		{A6FCEF44-D2BA-42C7-B3CB-13667BCD7B54}.Debug|x64.Build.0 = Debug|Any CPU
		{A6FCEF44-D2BA-42C7-B3CB-13667BCD7B54}.Debug|x86.ActiveCfg = Debug|Any CPU
		{A6FCEF44-D2BA-42C7-B3CB-13667BCD7B54}.Debug|x86.Build.0 = Debug|Any CPU
		{A6FCEF44-D2BA-42C7-B3CB-13667BCD7B54}.Release|Any CPU.ActiveCfg = Release|Any CPU
		{A6FCEF44-D2BA-42C7-B3CB-13667BCD7B54}.Release|Any CPU.Build.0 = Release|Any CPU
		{A6FCEF44-D2BA-42C7-B3CB-13667BCD7B54}.Release|ARM.ActiveCfg = Release|Any CPU
		{A6FCEF44-D2BA-42C7-B3CB-13667BCD7B54}.Release|ARM.Build.0 = Release|Any CPU
		{A6FCEF44-D2BA-42C7-B3CB-13667BCD7B54}.Release|x64.ActiveCfg = Release|Any CPU
		{A6FCEF44-D2BA-42C7-B3CB-13667BCD7B54}.Release|x64.Build.0 = Release|Any CPU
		{A6FCEF44-D2BA-42C7-B3CB-13667BCD7B54}.Release|x86.ActiveCfg = Release|Any CPU
		{A6FCEF44-D2BA-42C7-B3CB-13667BCD7B54}.Release|x86.Build.0 = Release|Any CPU
		{DB2BAFBA-2A85-4E9B-8E9D-0A607A661E84}.CNDebug|Any CPU.ActiveCfg = Debug|Any CPU
		{DB2BAFBA-2A85-4E9B-8E9D-0A607A661E84}.CNDebug|Any CPU.Build.0 = Debug|Any CPU
		{DB2BAFBA-2A85-4E9B-8E9D-0A607A661E84}.CNDebug|ARM.ActiveCfg = Debug|Any CPU
		{DB2BAFBA-2A85-4E9B-8E9D-0A607A661E84}.CNDebug|ARM.Build.0 = Debug|Any CPU
		{DB2BAFBA-2A85-4E9B-8E9D-0A607A661E84}.CNDebug|x64.ActiveCfg = Debug|Any CPU
		{DB2BAFBA-2A85-4E9B-8E9D-0A607A661E84}.CNDebug|x64.Build.0 = Debug|Any CPU
		{DB2BAFBA-2A85-4E9B-8E9D-0A607A661E84}.CNDebug|x86.ActiveCfg = Debug|Any CPU
		{DB2BAFBA-2A85-4E9B-8E9D-0A607A661E84}.CNDebug|x86.Build.0 = Debug|Any CPU
		{DB2BAFBA-2A85-4E9B-8E9D-0A607A661E84}.Debug|Any CPU.ActiveCfg = Debug|Any CPU
		{DB2BAFBA-2A85-4E9B-8E9D-0A607A661E84}.Debug|Any CPU.Build.0 = Debug|Any CPU
		{DB2BAFBA-2A85-4E9B-8E9D-0A607A661E84}.Debug|ARM.ActiveCfg = Debug|Any CPU
		{DB2BAFBA-2A85-4E9B-8E9D-0A607A661E84}.Debug|ARM.Build.0 = Debug|Any CPU
		{DB2BAFBA-2A85-4E9B-8E9D-0A607A661E84}.Debug|x64.ActiveCfg = Debug|Any CPU
		{DB2BAFBA-2A85-4E9B-8E9D-0A607A661E84}.Debug|x64.Build.0 = Debug|Any CPU
		{DB2BAFBA-2A85-4E9B-8E9D-0A607A661E84}.Debug|x86.ActiveCfg = Debug|Any CPU
		{DB2BAFBA-2A85-4E9B-8E9D-0A607A661E84}.Debug|x86.Build.0 = Debug|Any CPU
		{DB2BAFBA-2A85-4E9B-8E9D-0A607A661E84}.Release|Any CPU.ActiveCfg = Release|Any CPU
		{DB2BAFBA-2A85-4E9B-8E9D-0A607A661E84}.Release|Any CPU.Build.0 = Release|Any CPU
		{DB2BAFBA-2A85-4E9B-8E9D-0A607A661E84}.Release|ARM.ActiveCfg = Release|Any CPU
		{DB2BAFBA-2A85-4E9B-8E9D-0A607A661E84}.Release|ARM.Build.0 = Release|Any CPU
		{DB2BAFBA-2A85-4E9B-8E9D-0A607A661E84}.Release|x64.ActiveCfg = Release|Any CPU
		{DB2BAFBA-2A85-4E9B-8E9D-0A607A661E84}.Release|x64.Build.0 = Release|Any CPU
		{DB2BAFBA-2A85-4E9B-8E9D-0A607A661E84}.Release|x86.ActiveCfg = Release|Any CPU
		{DB2BAFBA-2A85-4E9B-8E9D-0A607A661E84}.Release|x86.Build.0 = Release|Any CPU
	EndGlobalSection
	GlobalSection(SolutionProperties) = preSolution
		HideSolutionNode = FALSE
	EndGlobalSection
	GlobalSection(ExtensibilityGlobals) = postSolution
		SolutionGuid = {D5F2EBF5-AA07-413E-86A9-84BC78987AD2}
	EndGlobalSection
EndGlobal
